// !$*UTF8*$!
{
	archiveVersion = 1;
	classes = {
	};
	objectVersion = 46;
	objects = {

/* Begin PBXBuildFile section */
		A37C6EA9181952040042489D /* Foundation.framework in Frameworks */ = {isa = PBXBuildFile; fileRef = A37C6EA8181952040042489D /* Foundation.framework */; };
		A37C6EAB181952040042489D /* CoreGraphics.framework in Frameworks */ = {isa = PBXBuildFile; fileRef = A37C6EAA181952040042489D /* CoreGraphics.framework */; };
		A37C6EAD181952040042489D /* UIKit.framework in Frameworks */ = {isa = PBXBuildFile; fileRef = A37C6EAC181952040042489D /* UIKit.framework */; };
		A37C6EB3181952040042489D /* InfoPlist.strings in Resources */ = {isa = PBXBuildFile; fileRef = A37C6EB1181952040042489D /* InfoPlist.strings */; };
		A37C6EB5181952040042489D /* main.m in Sources */ = {isa = PBXBuildFile; fileRef = A37C6EB4181952040042489D /* main.m */; };
		A37C6EB9181952040042489D /* AppDelegate.m in Sources */ = {isa = PBXBuildFile; fileRef = A37C6EB8181952040042489D /* AppDelegate.m */; };
		A37C6EBC181952040042489D /* Main.storyboard in Resources */ = {isa = PBXBuildFile; fileRef = A37C6EBA181952040042489D /* Main.storyboard */; };
		A37C6EBF181952040042489D /* ViewController.m in Sources */ = {isa = PBXBuildFile; fileRef = A37C6EBE181952040042489D /* ViewController.m */; };
		A37C6EC1181952040042489D /* Images.xcassets in Resources */ = {isa = PBXBuildFile; fileRef = A37C6EC0181952040042489D /* Images.xcassets */; };
		A37C6EC8181952040042489D /* XCTest.framework in Frameworks */ = {isa = PBXBuildFile; fileRef = A37C6EC7181952040042489D /* XCTest.framework */; };
		A37C6EC9181952040042489D /* Foundation.framework in Frameworks */ = {isa = PBXBuildFile; fileRef = A37C6EA8181952040042489D /* Foundation.framework */; };
		A37C6ECA181952040042489D /* UIKit.framework in Frameworks */ = {isa = PBXBuildFile; fileRef = A37C6EAC181952040042489D /* UIKit.framework */; };
		A37C6ED2181952040042489D /* InfoPlist.strings in Resources */ = {isa = PBXBuildFile; fileRef = A37C6ED0181952040042489D /* InfoPlist.strings */; };
		A37C6ED4181952040042489D /* roomcastTests.m in Sources */ = {isa = PBXBuildFile; fileRef = A37C6ED3181952040042489D /* roomcastTests.m */; };
		A37C6EF0181971020042489D /* AuthViewController.m in Sources */ = {isa = PBXBuildFile; fileRef = A37C6EEF181971020042489D /* AuthViewController.m */; };
		A37C6EF2181971D90042489D /* MapKit.framework in Frameworks */ = {isa = PBXBuildFile; fileRef = A37C6EF1181971D90042489D /* MapKit.framework */; };
		A37C6EF4181971ED0042489D /* CoreLocation.framework in Frameworks */ = {isa = PBXBuildFile; fileRef = A37C6EF3181971ED0042489D /* CoreLocation.framework */; };
		A37C6F0018197FBC0042489D /* authback.png in Resources */ = {isa = PBXBuildFile; fileRef = A37C6EFD18197FBC0042489D /* authback.png */; };
		A37C6F0118197FBC0042489D /* background.png in Resources */ = {isa = PBXBuildFile; fileRef = A37C6EFE18197FBC0042489D /* background.png */; };
		A37C6F0C181982AB0042489D /* continue.png in Resources */ = {isa = PBXBuildFile; fileRef = A37C6F0B181982AB0042489D /* continue.png */; };
		A37C6F0F181ACCBA0042489D /* rangeView.m in Sources */ = {isa = PBXBuildFile; fileRef = A37C6F0E181ACCBA0042489D /* rangeView.m */; };
		A37C6F13181DA3060042489D /* mapframe.png in Resources */ = {isa = PBXBuildFile; fileRef = A37C6F12181DA3060042489D /* mapframe.png */; };
/* End PBXBuildFile section */

/* Begin PBXContainerItemProxy section */
		A37C6ECB181952040042489D /* PBXContainerItemProxy */ = {
			isa = PBXContainerItemProxy;
			containerPortal = A37C6E9D181952040042489D /* Project object */;
			proxyType = 1;
			remoteGlobalIDString = A37C6EA4181952040042489D;
			remoteInfo = roomcast;
		};
/* End PBXContainerItemProxy section */

/* Begin PBXFileReference section */
		A37C6EA5181952040042489D /* roomcast.app */ = {isa = PBXFileReference; explicitFileType = wrapper.application; includeInIndex = 0; path = roomcast.app; sourceTree = BUILT_PRODUCTS_DIR; };
		A37C6EA8181952040042489D /* Foundation.framework */ = {isa = PBXFileReference; lastKnownFileType = wrapper.framework; name = Foundation.framework; path = System/Library/Frameworks/Foundation.framework; sourceTree = SDKROOT; };
		A37C6EAA181952040042489D /* CoreGraphics.framework */ = {isa = PBXFileReference; lastKnownFileType = wrapper.framework; name = CoreGraphics.framework; path = System/Library/Frameworks/CoreGraphics.framework; sourceTree = SDKROOT; };
		A37C6EAC181952040042489D /* UIKit.framework */ = {isa = PBXFileReference; lastKnownFileType = wrapper.framework; name = UIKit.framework; path = System/Library/Frameworks/UIKit.framework; sourceTree = SDKROOT; };
		A37C6EB0181952040042489D /* roomcast-Info.plist */ = {isa = PBXFileReference; lastKnownFileType = text.plist.xml; path = "roomcast-Info.plist"; sourceTree = "<group>"; };
		A37C6EB2181952040042489D /* en */ = {isa = PBXFileReference; lastKnownFileType = text.plist.strings; name = en; path = en.lproj/InfoPlist.strings; sourceTree = "<group>"; };
		A37C6EB4181952040042489D /* main.m */ = {isa = PBXFileReference; lastKnownFileType = sourcecode.c.objc; path = main.m; sourceTree = "<group>"; };
		A37C6EB6181952040042489D /* roomcast-Prefix.pch */ = {isa = PBXFileReference; lastKnownFileType = sourcecode.c.h; path = "roomcast-Prefix.pch"; sourceTree = "<group>"; };
		A37C6EB7181952040042489D /* AppDelegate.h */ = {isa = PBXFileReference; lastKnownFileType = sourcecode.c.h; path = AppDelegate.h; sourceTree = "<group>"; };
		A37C6EB8181952040042489D /* AppDelegate.m */ = {isa = PBXFileReference; lastKnownFileType = sourcecode.c.objc; path = AppDelegate.m; sourceTree = "<group>"; };
		A37C6EBB181952040042489D /* Base */ = {isa = PBXFileReference; lastKnownFileType = file.storyboard; name = Base; path = Base.lproj/Main.storyboard; sourceTree = "<group>"; };
		A37C6EBD181952040042489D /* ViewController.h */ = {isa = PBXFileReference; lastKnownFileType = sourcecode.c.h; path = ViewController.h; sourceTree = "<group>"; };
		A37C6EBE181952040042489D /* ViewController.m */ = {isa = PBXFileReference; lastKnownFileType = sourcecode.c.objc; path = ViewController.m; sourceTree = "<group>"; };
		A37C6EC0181952040042489D /* Images.xcassets */ = {isa = PBXFileReference; lastKnownFileType = folder.assetcatalog; path = Images.xcassets; sourceTree = "<group>"; };
		A37C6EC6181952040042489D /* roomcastTests.xctest */ = {isa = PBXFileReference; explicitFileType = wrapper.cfbundle; includeInIndex = 0; path = roomcastTests.xctest; sourceTree = BUILT_PRODUCTS_DIR; };
		A37C6EC7181952040042489D /* XCTest.framework */ = {isa = PBXFileReference; lastKnownFileType = wrapper.framework; name = XCTest.framework; path = Library/Frameworks/XCTest.framework; sourceTree = DEVELOPER_DIR; };
		A37C6ECF181952040042489D /* roomcastTests-Info.plist */ = {isa = PBXFileReference; lastKnownFileType = text.plist.xml; path = "roomcastTests-Info.plist"; sourceTree = "<group>"; };
		A37C6ED1181952040042489D /* en */ = {isa = PBXFileReference; lastKnownFileType = text.plist.strings; name = en; path = en.lproj/InfoPlist.strings; sourceTree = "<group>"; };
		A37C6ED3181952040042489D /* roomcastTests.m */ = {isa = PBXFileReference; lastKnownFileType = sourcecode.c.objc; path = roomcastTests.m; sourceTree = "<group>"; };
		A37C6EEE181971020042489D /* AuthViewController.h */ = {isa = PBXFileReference; fileEncoding = 4; lastKnownFileType = sourcecode.c.h; path = AuthViewController.h; sourceTree = "<group>"; };
		A37C6EEF181971020042489D /* AuthViewController.m */ = {isa = PBXFileReference; fileEncoding = 4; lastKnownFileType = sourcecode.c.objc; path = AuthViewController.m; sourceTree = "<group>"; };
		A37C6EF1181971D90042489D /* MapKit.framework */ = {isa = PBXFileReference; lastKnownFileType = wrapper.framework; name = MapKit.framework; path = System/Library/Frameworks/MapKit.framework; sourceTree = SDKROOT; };
		A37C6EF3181971ED0042489D /* CoreLocation.framework */ = {isa = PBXFileReference; lastKnownFileType = wrapper.framework; name = CoreLocation.framework; path = System/Library/Frameworks/CoreLocation.framework; sourceTree = SDKROOT; };
		A37C6EFD18197FBC0042489D /* authback.png */ = {isa = PBXFileReference; lastKnownFileType = image.png; name = authback.png; path = ../authback.png; sourceTree = "<group>"; };
		A37C6EFE18197FBC0042489D /* background.png */ = {isa = PBXFileReference; lastKnownFileType = image.png; name = background.png; path = ../background.png; sourceTree = "<group>"; };
		A37C6F0B181982AB0042489D /* continue.png */ = {isa = PBXFileReference; lastKnownFileType = image.png; path = continue.png; sourceTree = "<group>"; };
		A37C6F0D181ACCBA0042489D /* rangeView.h */ = {isa = PBXFileReference; fileEncoding = 4; lastKnownFileType = sourcecode.c.h; path = rangeView.h; sourceTree = "<group>"; };
		A37C6F0E181ACCBA0042489D /* rangeView.m */ = {isa = PBXFileReference; fileEncoding = 4; lastKnownFileType = sourcecode.c.objc; path = rangeView.m; sourceTree = "<group>"; };
		A37C6F12181DA3060042489D /* mapframe.png */ = {isa = PBXFileReference; lastKnownFileType = image.png; name = mapframe.png; path = ../mapframe.png; sourceTree = "<group>"; };
/* End PBXFileReference section */

/* Begin PBXFrameworksBuildPhase section */
		A37C6EA2181952040042489D /* Frameworks */ = {
			isa = PBXFrameworksBuildPhase;
			buildActionMask = 2147483647;
			files = (
				A37C6EF4181971ED0042489D /* CoreLocation.framework in Frameworks */,
				A37C6EF2181971D90042489D /* MapKit.framework in Frameworks */,
				A37C6EAB181952040042489D /* CoreGraphics.framework in Frameworks */,
				A37C6EAD181952040042489D /* UIKit.framework in Frameworks */,
				A37C6EA9181952040042489D /* Foundation.framework in Frameworks */,
			);
			runOnlyForDeploymentPostprocessing = 0;
		};
		A37C6EC3181952040042489D /* Frameworks */ = {
			isa = PBXFrameworksBuildPhase;
			buildActionMask = 2147483647;
			files = (
				A37C6EC8181952040042489D /* XCTest.framework in Frameworks */,
				A37C6ECA181952040042489D /* UIKit.framework in Frameworks */,
				A37C6EC9181952040042489D /* Foundation.framework in Frameworks */,
			);
			runOnlyForDeploymentPostprocessing = 0;
		};
/* End PBXFrameworksBuildPhase section */

/* Begin PBXGroup section */
		A37C6E9C181952040042489D = {
			isa = PBXGroup;
			children = (
				A37C6EAE181952040042489D /* roomcast */,
				A37C6ECD181952040042489D /* roomcastTests */,
				A37C6EA7181952040042489D /* Frameworks */,
				A37C6EA6181952040042489D /* Products */,
			);
			sourceTree = "<group>";
		};
		A37C6EA6181952040042489D /* Products */ = {
			isa = PBXGroup;
			children = (
				A37C6EA5181952040042489D /* roomcast.app */,
				A37C6EC6181952040042489D /* roomcastTests.xctest */,
			);
			name = Products;
			sourceTree = "<group>";
		};
		A37C6EA7181952040042489D /* Frameworks */ = {
			isa = PBXGroup;
			children = (
				A37C6EF3181971ED0042489D /* CoreLocation.framework */,
				A37C6EF1181971D90042489D /* MapKit.framework */,
				A37C6EA8181952040042489D /* Foundation.framework */,
				A37C6EAA181952040042489D /* CoreGraphics.framework */,
				A37C6EAC181952040042489D /* UIKit.framework */,
				A37C6EC7181952040042489D /* XCTest.framework */,
			);
			name = Frameworks;
			sourceTree = "<group>";
		};
		A37C6EAE181952040042489D /* roomcast */ = {
			isa = PBXGroup;
			children = (
				A37C6EB7181952040042489D /* AppDelegate.h */,
				A37C6EB8181952040042489D /* AppDelegate.m */,
				A37C6EBA181952040042489D /* Main.storyboard */,
				A37C6EBD181952040042489D /* ViewController.h */,
				A37C6EBE181952040042489D /* ViewController.m */,
				A37C6EEE181971020042489D /* AuthViewController.h */,
				A37C6EEF181971020042489D /* AuthViewController.m */,
				A37C6F0D181ACCBA0042489D /* rangeView.h */,
				A37C6F0E181ACCBA0042489D /* rangeView.m */,
				A37C6EC0181952040042489D /* Images.xcassets */,
				A37C6EAF181952040042489D /* Supporting Files */,
			);
			path = roomcast;
			sourceTree = "<group>";
		};
		A37C6EAF181952040042489D /* Supporting Files */ = {
			isa = PBXGroup;
			children = (
				A37C6EB0181952040042489D /* roomcast-Info.plist */,
				A37C6EB1181952040042489D /* InfoPlist.strings */,
				A37C6EB4181952040042489D /* main.m */,
				A37C6EB6181952040042489D /* roomcast-Prefix.pch */,
				A37C6EDD181954090042489D /* images */,
			);
			name = "Supporting Files";
			sourceTree = "<group>";
		};
		A37C6ECD181952040042489D /* roomcastTests */ = {
			isa = PBXGroup;
			children = (
				A37C6ED3181952040042489D /* roomcastTests.m */,
				A37C6ECE181952040042489D /* Supporting Files */,
			);
			path = roomcastTests;
			sourceTree = "<group>";
		};
		A37C6ECE181952040042489D /* Supporting Files */ = {
			isa = PBXGroup;
			children = (
				A37C6ECF181952040042489D /* roomcastTests-Info.plist */,
				A37C6ED0181952040042489D /* InfoPlist.strings */,
			);
			name = "Supporting Files";
			sourceTree = "<group>";
		};
		A37C6EDD181954090042489D /* images */ = {
			isa = PBXGroup;
			children = (
				A37C6F12181DA3060042489D /* mapframe.png */,
				A37C6EFD18197FBC0042489D /* authback.png */,
				A37C6EFE18197FBC0042489D /* background.png */,
				A37C6F0B181982AB0042489D /* continue.png */,
			);
			name = images;
			sourceTree = "<group>";
		};
/* End PBXGroup section */

/* Begin PBXNativeTarget section */
		A37C6EA4181952040042489D /* roomcast */ = {
			isa = PBXNativeTarget;
			buildConfigurationList = A37C6ED7181952040042489D /* Build configuration list for PBXNativeTarget "roomcast" */;
			buildPhases = (
				A37C6EA1181952040042489D /* Sources */,
				A37C6EA2181952040042489D /* Frameworks */,
				A37C6EA3181952040042489D /* Resources */,
			);
			buildRules = (
			);
			dependencies = (
			);
			name = roomcast;
			productName = roomcast;
			productReference = A37C6EA5181952040042489D /* roomcast.app */;
			productType = "com.apple.product-type.application";
		};
		A37C6EC5181952040042489D /* roomcastTests */ = {
			isa = PBXNativeTarget;
			buildConfigurationList = A37C6EDA181952040042489D /* Build configuration list for PBXNativeTarget "roomcastTests" */;
			buildPhases = (
				A37C6EC2181952040042489D /* Sources */,
				A37C6EC3181952040042489D /* Frameworks */,
				A37C6EC4181952040042489D /* Resources */,
			);
			buildRules = (
			);
			dependencies = (
				A37C6ECC181952040042489D /* PBXTargetDependency */,
			);
			name = roomcastTests;
			productName = roomcastTests;
			productReference = A37C6EC6181952040042489D /* roomcastTests.xctest */;
			productType = "com.apple.product-type.bundle.unit-test";
		};
/* End PBXNativeTarget section */

/* Begin PBXProject section */
		A37C6E9D181952040042489D /* Project object */ = {
			isa = PBXProject;
			attributes = {
				LastUpgradeCheck = 0500;
				ORGANIZATIONNAME = "Tom Lodge";
				TargetAttributes = {
					A37C6EC5181952040042489D = {
						TestTargetID = A37C6EA4181952040042489D;
					};
				};
			};
			buildConfigurationList = A37C6EA0181952040042489D /* Build configuration list for PBXProject "roomcast" */;
			compatibilityVersion = "Xcode 3.2";
			developmentRegion = English;
			hasScannedForEncodings = 0;
			knownRegions = (
				en,
				Base,
			);
			mainGroup = A37C6E9C181952040042489D;
			productRefGroup = A37C6EA6181952040042489D /* Products */;
			projectDirPath = "";
			projectRoot = "";
			targets = (
				A37C6EA4181952040042489D /* roomcast */,
				A37C6EC5181952040042489D /* roomcastTests */,
			);
		};
/* End PBXProject section */

/* Begin PBXResourcesBuildPhase section */
		A37C6EA3181952040042489D /* Resources */ = {
			isa = PBXResourcesBuildPhase;
			buildActionMask = 2147483647;
			files = (
				A37C6F0C181982AB0042489D /* continue.png in Resources */,
				A37C6EC1181952040042489D /* Images.xcassets in Resources */,
				A37C6F0118197FBC0042489D /* background.png in Resources */,
				A37C6F0018197FBC0042489D /* authback.png in Resources */,
				A37C6EB3181952040042489D /* InfoPlist.strings in Resources */,
				A37C6EBC181952040042489D /* Main.storyboard in Resources */,
				A37C6F13181DA3060042489D /* mapframe.png in Resources */,
			);
			runOnlyForDeploymentPostprocessing = 0;
		};
		A37C6EC4181952040042489D /* Resources */ = {
			isa = PBXResourcesBuildPhase;
			buildActionMask = 2147483647;
			files = (
				A37C6ED2181952040042489D /* InfoPlist.strings in Resources */,
			);
			runOnlyForDeploymentPostprocessing = 0;
		};
/* End PBXResourcesBuildPhase section */

/* Begin PBXSourcesBuildPhase section */
		A37C6EA1181952040042489D /* Sources */ = {
			isa = PBXSourcesBuildPhase;
			buildActionMask = 2147483647;
			files = (
				A37C6F0F181ACCBA0042489D /* rangeView.m in Sources */,
				A37C6EF0181971020042489D /* AuthViewController.m in Sources */,
				A37C6EBF181952040042489D /* ViewController.m in Sources */,
				A37C6EB9181952040042489D /* AppDelegate.m in Sources */,
				A37C6EB5181952040042489D /* main.m in Sources */,
			);
			runOnlyForDeploymentPostprocessing = 0;
		};
		A37C6EC2181952040042489D /* Sources */ = {
			isa = PBXSourcesBuildPhase;
			buildActionMask = 2147483647;
			files = (
				A37C6ED4181952040042489D /* roomcastTests.m in Sources */,
			);
			runOnlyForDeploymentPostprocessing = 0;
		};
/* End PBXSourcesBuildPhase section */

/* Begin PBXTargetDependency section */
		A37C6ECC181952040042489D /* PBXTargetDependency */ = {
			isa = PBXTargetDependency;
			target = A37C6EA4181952040042489D /* roomcast */;
			targetProxy = A37C6ECB181952040042489D /* PBXContainerItemProxy */;
		};
/* End PBXTargetDependency section */

/* Begin PBXVariantGroup section */
		A37C6EB1181952040042489D /* InfoPlist.strings */ = {
			isa = PBXVariantGroup;
			children = (
				A37C6EB2181952040042489D /* en */,
			);
			name = InfoPlist.strings;
			sourceTree = "<group>";
		};
		A37C6EBA181952040042489D /* Main.storyboard */ = {
			isa = PBXVariantGroup;
			children = (
				A37C6EBB181952040042489D /* Base */,
			);
			name = Main.storyboard;
			sourceTree = "<group>";
		};
		A37C6ED0181952040042489D /* InfoPlist.strings */ = {
			isa = PBXVariantGroup;
			children = (
				A37C6ED1181952040042489D /* en */,
			);
			name = InfoPlist.strings;
			sourceTree = "<group>";
		};
/* End PBXVariantGroup section */

/* Begin XCBuildConfiguration section */
		A37C6ED5181952040042489D /* Debug */ = {
			isa = XCBuildConfiguration;
			buildSettings = {
				ALWAYS_SEARCH_USER_PATHS = NO;
				ARCHS = "$(ARCHS_STANDARD_INCLUDING_64_BIT)";
				CLANG_CXX_LANGUAGE_STANDARD = "gnu++0x";
				CLANG_CXX_LIBRARY = "libc++";
				CLANG_ENABLE_MODULES = YES;
				CLANG_ENABLE_OBJC_ARC = YES;
				CLANG_WARN_BOOL_CONVERSION = YES;
				CLANG_WARN_CONSTANT_CONVERSION = YES;
				CLANG_WARN_DIRECT_OBJC_ISA_USAGE = YES_ERROR;
				CLANG_WARN_EMPTY_BODY = YES;
				CLANG_WARN_ENUM_CONVERSION = YES;
				CLANG_WARN_INT_CONVERSION = YES;
				CLANG_WARN_OBJC_ROOT_CLASS = YES_ERROR;
				CLANG_WARN__DUPLICATE_METHOD_MATCH = YES;
				"CODE_SIGN_IDENTITY[sdk=iphoneos*]" = "iPhone Developer";
				COPY_PHASE_STRIP = NO;
				GCC_C_LANGUAGE_STANDARD = gnu99;
				GCC_DYNAMIC_NO_PIC = NO;
				GCC_OPTIMIZATION_LEVEL = 0;
				GCC_PREPROCESSOR_DEFINITIONS = (
					"DEBUG=1",
					"$(inherited)",
				);
				GCC_SYMBOLS_PRIVATE_EXTERN = NO;
				GCC_WARN_64_TO_32_BIT_CONVERSION = YES;
				GCC_WARN_ABOUT_RETURN_TYPE = YES_ERROR;
				GCC_WARN_UNDECLARED_SELECTOR = YES;
				GCC_WARN_UNINITIALIZED_AUTOS = YES;
				GCC_WARN_UNUSED_FUNCTION = YES;
				GCC_WARN_UNUSED_VARIABLE = YES;
				IPHONEOS_DEPLOYMENT_TARGET = 7.0;
				ONLY_ACTIVE_ARCH = YES;
				SDKROOT = iphoneos;
			};
			name = Debug;
		};
		A37C6ED6181952040042489D /* Release */ = {
			isa = XCBuildConfiguration;
			buildSettings = {
				ALWAYS_SEARCH_USER_PATHS = NO;
				ARCHS = "$(ARCHS_STANDARD_INCLUDING_64_BIT)";
				CLANG_CXX_LANGUAGE_STANDARD = "gnu++0x";
				CLANG_CXX_LIBRARY = "libc++";
				CLANG_ENABLE_MODULES = YES;
				CLANG_ENABLE_OBJC_ARC = YES;
				CLANG_WARN_BOOL_CONVERSION = YES;
				CLANG_WARN_CONSTANT_CONVERSION = YES;
				CLANG_WARN_DIRECT_OBJC_ISA_USAGE = YES_ERROR;
				CLANG_WARN_EMPTY_BODY = YES;
				CLANG_WARN_ENUM_CONVERSION = YES;
				CLANG_WARN_INT_CONVERSION = YES;
				CLANG_WARN_OBJC_ROOT_CLASS = YES_ERROR;
				CLANG_WARN__DUPLICATE_METHOD_MATCH = YES;
				"CODE_SIGN_IDENTITY[sdk=iphoneos*]" = "iPhone Developer";
				COPY_PHASE_STRIP = YES;
				ENABLE_NS_ASSERTIONS = NO;
				GCC_C_LANGUAGE_STANDARD = gnu99;
				GCC_WARN_64_TO_32_BIT_CONVERSION = YES;
				GCC_WARN_ABOUT_RETURN_TYPE = YES_ERROR;
				GCC_WARN_UNDECLARED_SELECTOR = YES;
				GCC_WARN_UNINITIALIZED_AUTOS = YES;
				GCC_WARN_UNUSED_FUNCTION = YES;
				GCC_WARN_UNUSED_VARIABLE = YES;
				IPHONEOS_DEPLOYMENT_TARGET = 7.0;
				SDKROOT = iphoneos;
				VALIDATE_PRODUCT = YES;
			};
			name = Release;
		};
		A37C6ED8181952040042489D /* Debug */ = {
			isa = XCBuildConfiguration;
			buildSettings = {
				ASSETCATALOG_COMPILER_APPICON_NAME = AppIcon;
				ASSETCATALOG_COMPILER_LAUNCHIMAGE_NAME = LaunchImage;
				GCC_PRECOMPILE_PREFIX_HEADER = YES;
				GCC_PREFIX_HEADER = "roomcast/roomcast-Prefix.pch";
				INFOPLIST_FILE = "roomcast/roomcast-Info.plist";
				PRODUCT_NAME = "$(TARGET_NAME)";
				WRAPPER_EXTENSION = app;
			};
			name = Debug;
		};
		A37C6ED9181952040042489D /* Release */ = {
			isa = XCBuildConfiguration;
			buildSettings = {
				ASSETCATALOG_COMPILER_APPICON_NAME = AppIcon;
				ASSETCATALOG_COMPILER_LAUNCHIMAGE_NAME = LaunchImage;
				GCC_PRECOMPILE_PREFIX_HEADER = YES;
				GCC_PREFIX_HEADER = "roomcast/roomcast-Prefix.pch";
				INFOPLIST_FILE = "roomcast/roomcast-Info.plist";
				PRODUCT_NAME = "$(TARGET_NAME)";
				WRAPPER_EXTENSION = app;
			};
			name = Release;
		};
		A37C6EDB181952040042489D /* Debug */ = {
			isa = XCBuildConfiguration;
			buildSettings = {
				ARCHS = "$(ARCHS_STANDARD_INCLUDING_64_BIT)";
				BUNDLE_LOADER = "$(BUILT_PRODUCTS_DIR)/roomcast.app/roomcast";
				FRAMEWORK_SEARCH_PATHS = (
					"$(SDKROOT)/Developer/Library/Frameworks",
					"$(inherited)",
					"$(DEVELOPER_FRAMEWORKS_DIR)",
				);
				GCC_PRECOMPILE_PREFIX_HEADER = YES;
				GCC_PREFIX_HEADER = "roomcast/roomcast-Prefix.pch";
				GCC_PREPROCESSOR_DEFINITIONS = (
					"DEBUG=1",
					"$(inherited)",
				);
				INFOPLIST_FILE = "roomcastTests/roomcastTests-Info.plist";
				PRODUCT_NAME = "$(TARGET_NAME)";
				TEST_HOST = "$(BUNDLE_LOADER)";
				WRAPPER_EXTENSION = xctest;
			};
			name = Debug;
		};
		A37C6EDC181952040042489D /* Release */ = {
			isa = XCBuildConfiguration;
			buildSettings = {
				ARCHS = "$(ARCHS_STANDARD_INCLUDING_64_BIT)";
				BUNDLE_LOADER = "$(BUILT_PRODUCTS_DIR)/roomcast.app/roomcast";
				FRAMEWORK_SEARCH_PATHS = (
					"$(SDKROOT)/Developer/Library/Frameworks",
					"$(inherited)",
					"$(DEVELOPER_FRAMEWORKS_DIR)",
				);
				GCC_PRECOMPILE_PREFIX_HEADER = YES;
				GCC_PREFIX_HEADER = "roomcast/roomcast-Prefix.pch";
				INFOPLIST_FILE = "roomcastTests/roomcastTests-Info.plist";
				PRODUCT_NAME = "$(TARGET_NAME)";
				TEST_HOST = "$(BUNDLE_LOADER)";
				WRAPPER_EXTENSION = xctest;
			};
			name = Release;
		};
/* End XCBuildConfiguration section */

/* Begin XCConfigurationList section */
		A37C6EA0181952040042489D /* Build configuration list for PBXProject "roomcast" */ = {
			isa = XCConfigurationList;
			buildConfigurations = (
				A37C6ED5181952040042489D /* Debug */,
				A37C6ED6181952040042489D /* Release */,
			);
			defaultConfigurationIsVisible = 0;
			defaultConfigurationName = Release;
		};
		A37C6ED7181952040042489D /* Build configuration list for PBXNativeTarget "roomcast" */ = {
			isa = XCConfigurationList;
			buildConfigurations = (
				A37C6ED8181952040042489D /* Debug */,
				A37C6ED9181952040042489D /* Release */,
			);
			defaultConfigurationIsVisible = 0;
		};
		A37C6EDA181952040042489D /* Build configuration list for PBXNativeTarget "roomcastTests" */ = {
			isa = XCConfigurationList;
			buildConfigurations = (
				A37C6EDB181952040042489D /* Debug */,
				A37C6EDC181952040042489D /* Release */,
			);
			defaultConfigurationIsVisible = 0;
		};
/* End XCConfigurationList section */
	};
	rootObject = A37C6E9D181952040042489D /* Project object */;
}
